# This file is automatically @generated by Cargo.
# It is not intended for manual editing.
version = 4

[[package]]
name = "anyhow"
version = "1.0.97"
source = "registry+https://github.com/rust-lang/crates.io-index"
checksum = "dcfed56ad506cb2c684a14971b8861fdc3baaaae314b9e5f9bb532cbe3ba7a4f"

[[package]]
name = "scripts"
version = "0.1.0"
dependencies = [
 "anyhow",
 "xflags",
 "xshell",
]

[[package]]
name = "xflags"
version = "0.4.0-pre.2"
source = "registry+https://github.com/rust-lang/crates.io-index"
checksum = "f6a40f95e4e200baabdfe8b813e3ee754b58407a677141bd2890c28ef4a89c21"
dependencies = [
 "xflags-macros",
]

[[package]]
name = "xflags-macros"
version = "0.4.0-pre.2"
source = "registry+https://github.com/rust-lang/crates.io-index"
checksum = "8a6d9b56f406f5754a3808524166b6e6bdfe219c0526e490cfc39ecc0582a4e6"

[[package]]
name = "xshell"
version = "0.3.0-pre.2"
source = "registry+https://github.com/rust-lang/crates.io-index"
checksum = "3e6192cff94a7552e329df8c2c6f00371f107eb6e8c970f9948879216d7c46fe"
dependencies = [
 "xshell-macros",
]

[[package]]
name = "xshell-macros"
version = "0.3.0-pre.2"
source = "registry+https://github.com/rust-lang/crates.io-index"
checksum = "3259fc1522c6f4915b1cc3b52dff32a88069ba979b2513fe8ee6a058670dd5dc"
